
Microsoft Visual Studio Solution File, Format Version 12.00
# Visual Studio Version 16
VisualStudioVersion = 16.0.31112.23
MinimumVisualStudioVersion = 10.0.40219.1
Project("{9A19103F-16F7-4668-BE54-9A1E7A4F7556}") = "Destinationboard", "Destinationboard\Destinationboard.csproj", "{6EDB7880-B8C0-422E-A74E-93CF7CC953C6}"
EndProject
Project("{9A19103F-16F7-4668-BE54-9A1E7A4F7556}") = "DestinationboardCommunicationLibrary", "..\DestinationboardCommunicationLibrary\DestinationboardCommunicationLibrary\DestinationboardCommunicationLibrary\DestinationboardCommunicationLibrary.csproj", "{19919E26-1045-445E-B131-597727DFF992}"
EndProject
Project("{9A19103F-16F7-4668-BE54-9A1E7A4F7556}") = "QRCodeScannerLib", "..\QRCodeScannerLib\QRCodeScannerLib\QRCodeScannerLib.csproj", "{08A3319F-01C7-49A7-9459-F009C1DBBDCE}"
EndProject
Global
	GlobalSection(SolutionConfigurationPlatforms) = preSolution
		Debug|Any CPU = Debug|Any CPU
		Release|Any CPU = Release|Any CPU
	EndGlobalSection
	GlobalSection(ProjectConfigurationPlatforms) = postSolution
		{6EDB7880-B8C0-422E-A74E-93CF7CC953C6}.Debug|Any CPU.ActiveCfg = Debug|Any CPU
		{6EDB7880-B8C0-422E-A74E-93CF7CC953C6}.Debug|Any CPU.Build.0 = Debug|Any CPU
		{6EDB7880-B8C0-422E-A74E-93CF7CC953C6}.Release|Any CPU.ActiveCfg = Release|Any CPU
		{6EDB7880-B8C0-422E-A74E-93CF7CC953C6}.Release|Any CPU.Build.0 = Release|Any CPU
		{19919E26-1045-445E-B131-597727DFF992}.Debug|Any CPU.ActiveCfg = Debug|Any CPU
		{19919E26-1045-445E-B131-597727DFF992}.Debug|Any CPU.Build.0 = Debug|Any CPU
		{19919E26-1045-445E-B131-597727DFF992}.Release|Any CPU.ActiveCfg = Release|Any CPU
		{19919E26-1045-445E-B131-597727DFF992}.Release|Any CPU.Build.0 = Release|Any CPU
		{08A3319F-01C7-49A7-9459-F009C1DBBDCE}.Debug|Any CPU.ActiveCfg = Debug|Any CPU
		{08A3319F-01C7-49A7-9459-F009C1DBBDCE}.Debug|Any CPU.Build.0 = Debug|Any CPU
		{08A3319F-01C7-49A7-9459-F009C1DBBDCE}.Release|Any CPU.ActiveCfg = Release|Any CPU
		{08A3319F-01C7-49A7-9459-F009C1DBBDCE}.Release|Any CPU.Build.0 = Release|Any CPU
	EndGlobalSection
	GlobalSection(SolutionProperties) = preSolution
		HideSolutionNode = FALSE
	EndGlobalSection
	GlobalSection(ExtensibilityGlobals) = postSolution
		SolutionGuid = {0520300E-3B22-4057-9B52-CCFD3C25B7BB}
	EndGlobalSection
EndGlobal
