
Microsoft Visual Studio Solution File, Format Version 12.00
# Visual Studio Version 16
VisualStudioVersion = 16.0.31112.23
MinimumVisualStudioVersion = 10.0.40219.1
Project("{FAE04EC0-301F-11D3-BF4B-00C04F79EFBC}") = "Destinationboard", "Destinationboard\Destinationboard.csproj", "{6EDB7880-B8C0-422E-A74E-93CF7CC953C6}"
EndProject
Global
	GlobalSection(SolutionConfigurationPlatforms) = preSolution
		Debug|Any CPU = Debug|Any CPU
		Release|Any CPU = Release|Any CPU
	EndGlobalSection
	GlobalSection(ProjectConfigurationPlatforms) = postSolution
		{6EDB7880-B8C0-422E-A74E-93CF7CC953C6}.Debug|Any CPU.ActiveCfg = Debug|Any CPU
		{6EDB7880-B8C0-422E-A74E-93CF7CC953C6}.Debug|Any CPU.Build.0 = Debug|Any CPU
		{6EDB7880-B8C0-422E-A74E-93CF7CC953C6}.Release|Any CPU.ActiveCfg = Release|Any CPU
		{6EDB7880-B8C0-422E-A74E-93CF7CC953C6}.Release|Any CPU.Build.0 = Release|Any CPU
	EndGlobalSection
	GlobalSection(SolutionProperties) = preSolution
		HideSolutionNode = FALSE
	EndGlobalSection
	GlobalSection(ExtensibilityGlobals) = postSolution
		SolutionGuid = {0520300E-3B22-4057-9B52-CCFD3C25B7BB}
	EndGlobalSection
EndGlobal
